
Microsoft Visual Studio Solution File, Format Version 12.00
# Visual Studio Version 16
VisualStudioVersion = 16.0.31205.134
MinimumVisualStudioVersion = 10.0.40219.1
Project("{9A19103F-16F7-4668-BE54-9A1E7A4F7556}") = "DataAccessLayer", "DataAccessLayer\DataAccessLayer.csproj", "{97682418-0354-4A29-A830-0F5F780C9CC2}"
EndProject
Project("{9A19103F-16F7-4668-BE54-9A1E7A4F7556}") = "EntityLayer", "EntityLayer\EntityLayer.csproj", "{089BF3D9-FB3B-4B67-8571-8471EA0ECD17}"
EndProject
Project("{9A19103F-16F7-4668-BE54-9A1E7A4F7556}") = "BusinessLayer", "BusinessLayer\BusinessLayer.csproj", "{5F48326C-8F27-405D-8EC7-8F121FAAD3CD}"
EndProject
Project("{9A19103F-16F7-4668-BE54-9A1E7A4F7556}") = "UILayer", "UILayer\UILayer.csproj", "{CF67A517-DA28-4352-9869-4C3E75E7A1E5}"
EndProject
Project("{9A19103F-16F7-4668-BE54-9A1E7A4F7556}") = "DTOService", "DTOService\DTOService.csproj", "{F7793BDB-969A-44FF-BDBE-6653D60AC60A}"
EndProject
Global
	GlobalSection(SolutionConfigurationPlatforms) = preSolution
		Debug|Any CPU = Debug|Any CPU
		Release|Any CPU = Release|Any CPU
	EndGlobalSection
	GlobalSection(ProjectConfigurationPlatforms) = postSolution
		{97682418-0354-4A29-A830-0F5F780C9CC2}.Debug|Any CPU.ActiveCfg = Debug|Any CPU
		{97682418-0354-4A29-A830-0F5F780C9CC2}.Debug|Any CPU.Build.0 = Debug|Any CPU
		{97682418-0354-4A29-A830-0F5F780C9CC2}.Release|Any CPU.ActiveCfg = Release|Any CPU
		{97682418-0354-4A29-A830-0F5F780C9CC2}.Release|Any CPU.Build.0 = Release|Any CPU
		{089BF3D9-FB3B-4B67-8571-8471EA0ECD17}.Debug|Any CPU.ActiveCfg = Debug|Any CPU
		{089BF3D9-FB3B-4B67-8571-8471EA0ECD17}.Debug|Any CPU.Build.0 = Debug|Any CPU
		{089BF3D9-FB3B-4B67-8571-8471EA0ECD17}.Release|Any CPU.ActiveCfg = Release|Any CPU
		{089BF3D9-FB3B-4B67-8571-8471EA0ECD17}.Release|Any CPU.Build.0 = Release|Any CPU
		{5F48326C-8F27-405D-8EC7-8F121FAAD3CD}.Debug|Any CPU.ActiveCfg = Debug|Any CPU
		{5F48326C-8F27-405D-8EC7-8F121FAAD3CD}.Debug|Any CPU.Build.0 = Debug|Any CPU
		{5F48326C-8F27-405D-8EC7-8F121FAAD3CD}.Release|Any CPU.ActiveCfg = Release|Any CPU
		{5F48326C-8F27-405D-8EC7-8F121FAAD3CD}.Release|Any CPU.Build.0 = Release|Any CPU
		{CF67A517-DA28-4352-9869-4C3E75E7A1E5}.Debug|Any CPU.ActiveCfg = Debug|Any CPU
		{CF67A517-DA28-4352-9869-4C3E75E7A1E5}.Debug|Any CPU.Build.0 = Debug|Any CPU
		{CF67A517-DA28-4352-9869-4C3E75E7A1E5}.Release|Any CPU.ActiveCfg = Release|Any CPU
		{CF67A517-DA28-4352-9869-4C3E75E7A1E5}.Release|Any CPU.Build.0 = Release|Any CPU
		{F7793BDB-969A-44FF-BDBE-6653D60AC60A}.Debug|Any CPU.ActiveCfg = Debug|Any CPU
		{F7793BDB-969A-44FF-BDBE-6653D60AC60A}.Debug|Any CPU.Build.0 = Debug|Any CPU
		{F7793BDB-969A-44FF-BDBE-6653D60AC60A}.Release|Any CPU.ActiveCfg = Release|Any CPU
		{F7793BDB-969A-44FF-BDBE-6653D60AC60A}.Release|Any CPU.Build.0 = Release|Any CPU
	EndGlobalSection
	GlobalSection(SolutionProperties) = preSolution
		HideSolutionNode = FALSE
	EndGlobalSection
	GlobalSection(ExtensibilityGlobals) = postSolution
		SolutionGuid = {C13D68E5-32C3-48BA-B382-6988C7FDD7D3}
	EndGlobalSection
EndGlobal
